// !$*UTF8*$!
{
	archiveVersion = 1;
	classes = {
	};
	objectVersion = 50;
	objects = {

/* Begin PBXBuildFile section */
		9516B9F424BF36C800101874 /* AppDelegate.swift in Sources */ = {isa = PBXBuildFile; fileRef = 9516B9F324BF36C800101874 /* AppDelegate.swift */; };
		9516B9F624BF36C800101874 /* SceneDelegate.swift in Sources */ = {isa = PBXBuildFile; fileRef = 9516B9F524BF36C800101874 /* SceneDelegate.swift */; };
		9516B9F824BF36C800101874 /* ViewController.swift in Sources */ = {isa = PBXBuildFile; fileRef = 9516B9F724BF36C800101874 /* ViewController.swift */; };
		9516B9FD24BF36C900101874 /* Assets.xcassets in Resources */ = {isa = PBXBuildFile; fileRef = 9516B9FC24BF36C900101874 /* Assets.xcassets */; };
		9516BA0024BF36C900101874 /* LaunchScreen.storyboard in Resources */ = {isa = PBXBuildFile; fileRef = 9516B9FE24BF36C900101874 /* LaunchScreen.storyboard */; };
		9516BA0824C1A66200101874 /* MyTableViewController.swift in Sources */ = {isa = PBXBuildFile; fileRef = 9516BA0724C1A66200101874 /* MyTableViewController.swift */; };
		9516BA0A24C1AD8700101874 /* MyTableViewCell.swift in Sources */ = {isa = PBXBuildFile; fileRef = 9516BA0924C1AD8700101874 /* MyTableViewCell.swift */; };
		9516BA0C24C1ADB000101874 /* Constants.swift in Sources */ = {isa = PBXBuildFile; fileRef = 9516BA0B24C1ADB000101874 /* Constants.swift */; };
		9516BA0F24C22BEB00101874 /* MySecondTableViewCell.swift in Sources */ = {isa = PBXBuildFile; fileRef = 9516BA0D24C22BEB00101874 /* MySecondTableViewCell.swift */; };
		9516BA1024C22BEB00101874 /* MySecondTableViewCell.xib in Resources */ = {isa = PBXBuildFile; fileRef = 9516BA0E24C22BEB00101874 /* MySecondTableViewCell.xib */; };
/* End PBXBuildFile section */

/* Begin PBXFileReference section */
		9516B9F024BF36C800101874 /* tableViewHW.app */ = {isa = PBXFileReference; explicitFileType = wrapper.application; includeInIndex = 0; path = tableViewHW.app; sourceTree = BUILT_PRODUCTS_DIR; };
		9516B9F324BF36C800101874 /* AppDelegate.swift */ = {isa = PBXFileReference; lastKnownFileType = sourcecode.swift; path = AppDelegate.swift; sourceTree = "<group>"; };
		9516B9F524BF36C800101874 /* SceneDelegate.swift */ = {isa = PBXFileReference; lastKnownFileType = sourcecode.swift; path = SceneDelegate.swift; sourceTree = "<group>"; };
		9516B9F724BF36C800101874 /* ViewController.swift */ = {isa = PBXFileReference; lastKnownFileType = sourcecode.swift; path = ViewController.swift; sourceTree = "<group>"; };
		9516B9FC24BF36C900101874 /* Assets.xcassets */ = {isa = PBXFileReference; lastKnownFileType = folder.assetcatalog; path = Assets.xcassets; sourceTree = "<group>"; };
		9516B9FF24BF36C900101874 /* Base */ = {isa = PBXFileReference; lastKnownFileType = file.storyboard; name = Base; path = Base.lproj/LaunchScreen.storyboard; sourceTree = "<group>"; };
		9516BA0124BF36C900101874 /* Info.plist */ = {isa = PBXFileReference; lastKnownFileType = text.plist.xml; path = Info.plist; sourceTree = "<group>"; };
		9516BA0724C1A66200101874 /* MyTableViewController.swift */ = {isa = PBXFileReference; lastKnownFileType = sourcecode.swift; path = MyTableViewController.swift; sourceTree = "<group>"; };
		9516BA0924C1AD8700101874 /* MyTableViewCell.swift */ = {isa = PBXFileReference; lastKnownFileType = sourcecode.swift; path = MyTableViewCell.swift; sourceTree = "<group>"; };
		9516BA0B24C1ADB000101874 /* Constants.swift */ = {isa = PBXFileReference; lastKnownFileType = sourcecode.swift; path = Constants.swift; sourceTree = "<group>"; };
		9516BA0D24C22BEB00101874 /* MySecondTableViewCell.swift */ = {isa = PBXFileReference; lastKnownFileType = sourcecode.swift; path = MySecondTableViewCell.swift; sourceTree = "<group>"; };
		9516BA0E24C22BEB00101874 /* MySecondTableViewCell.xib */ = {isa = PBXFileReference; lastKnownFileType = file.xib; path = MySecondTableViewCell.xib; sourceTree = "<group>"; };
/* End PBXFileReference section */

/* Begin PBXFrameworksBuildPhase section */
		9516B9ED24BF36C800101874 /* Frameworks */ = {
			isa = PBXFrameworksBuildPhase;
			buildActionMask = 2147483647;
			files = (
			);
			runOnlyForDeploymentPostprocessing = 0;
		};
/* End PBXFrameworksBuildPhase section */

/* Begin PBXGroup section */
		9516B9E724BF36C800101874 = {
			isa = PBXGroup;
			children = (
				9516B9F224BF36C800101874 /* tableViewHW */,
				9516B9F124BF36C800101874 /* Products */,
			);
			sourceTree = "<group>";
		};
		9516B9F124BF36C800101874 /* Products */ = {
			isa = PBXGroup;
			children = (
				9516B9F024BF36C800101874 /* tableViewHW.app */,
			);
			name = Products;
			sourceTree = "<group>";
		};
		9516B9F224BF36C800101874 /* tableViewHW */ = {
			isa = PBXGroup;
			children = (
				9516B9F324BF36C800101874 /* AppDelegate.swift */,
				9516B9F524BF36C800101874 /* SceneDelegate.swift */,
				9516BA0724C1A66200101874 /* MyTableViewController.swift */,
				9516BA0924C1AD8700101874 /* MyTableViewCell.swift */,
				9516BA0D24C22BEB00101874 /* MySecondTableViewCell.swift */,
				9516BA0E24C22BEB00101874 /* MySecondTableViewCell.xib */,
				9516BA0B24C1ADB000101874 /* Constants.swift */,
				9516B9F724BF36C800101874 /* ViewController.swift */,
				9516B9FC24BF36C900101874 /* Assets.xcassets */,
				9516B9FE24BF36C900101874 /* LaunchScreen.storyboard */,
				9516BA0124BF36C900101874 /* Info.plist */,
			);
			path = tableViewHW;
			sourceTree = "<group>";
		};
/* End PBXGroup section */

/* Begin PBXNativeTarget section */
		9516B9EF24BF36C800101874 /* tableViewHW */ = {
			isa = PBXNativeTarget;
			buildConfigurationList = 9516BA0424BF36C900101874 /* Build configuration list for PBXNativeTarget "tableViewHW" */;
			buildPhases = (
				9516B9EC24BF36C800101874 /* Sources */,
				9516B9ED24BF36C800101874 /* Frameworks */,
				9516B9EE24BF36C800101874 /* Resources */,
			);
			buildRules = (
			);
			dependencies = (
			);
			name = tableViewHW;
			productName = tableViewHW;
			productReference = 9516B9F024BF36C800101874 /* tableViewHW.app */;
			productType = "com.apple.product-type.application";
		};
/* End PBXNativeTarget section */

/* Begin PBXProject section */
		9516B9E824BF36C800101874 /* Project object */ = {
			isa = PBXProject;
			attributes = {
				LastSwiftUpdateCheck = 1150;
				LastUpgradeCheck = 1150;
				ORGANIZATIONNAME = anna;
				TargetAttributes = {
					9516B9EF24BF36C800101874 = {
						CreatedOnToolsVersion = 11.5;
					};
				};
			};
			buildConfigurationList = 9516B9EB24BF36C800101874 /* Build configuration list for PBXProject "tableViewHW" */;
			compatibilityVersion = "Xcode 9.3";
			developmentRegion = en;
			hasScannedForEncodings = 0;
			knownRegions = (
				en,
				Base,
			);
			mainGroup = 9516B9E724BF36C800101874;
			productRefGroup = 9516B9F124BF36C800101874 /* Products */;
			projectDirPath = "";
			projectRoot = "";
			targets = (
				9516B9EF24BF36C800101874 /* tableViewHW */,
			);
		};
/* End PBXProject section */

/* Begin PBXResourcesBuildPhase section */
		9516B9EE24BF36C800101874 /* Resources */ = {
			isa = PBXResourcesBuildPhase;
			buildActionMask = 2147483647;
			files = (
				9516BA0024BF36C900101874 /* LaunchScreen.storyboard in Resources */,
				9516B9FD24BF36C900101874 /* Assets.xcassets in Resources */,
				9516BA1024C22BEB00101874 /* MySecondTableViewCell.xib in Resources */,
			);
			runOnlyForDeploymentPostprocessing = 0;
		};
/* End PBXResourcesBuildPhase section */

/* Begin PBXSourcesBuildPhase section */
		9516B9EC24BF36C800101874 /* Sources */ = {
			isa = PBXSourcesBuildPhase;
			buildActionMask = 2147483647;
			files = (
				9516B9F824BF36C800101874 /* ViewController.swift in Sources */,
				9516B9F424BF36C800101874 /* AppDelegate.swift in Sources */,
				9516BA0F24C22BEB00101874 /* MySecondTableViewCell.swift in Sources */,
				9516B9F624BF36C800101874 /* SceneDelegate.swift in Sources */,
				9516BA0A24C1AD8700101874 /* MyTableViewCell.swift in Sources */,
				9516BA0824C1A66200101874 /* MyTableViewController.swift in Sources */,
				9516BA0C24C1ADB000101874 /* Constants.swift in Sources */,
			);
			runOnlyForDeploymentPostprocessing = 0;
		};
/* End PBXSourcesBuildPhase section */

/* Begin PBXVariantGroup section */
		9516B9FE24BF36C900101874 /* LaunchScreen.storyboard */ = {
			isa = PBXVariantGroup;
			children = (
				9516B9FF24BF36C900101874 /* Base */,
			);
			name = LaunchScreen.storyboard;
			sourceTree = "<group>";
		};
/* End PBXVariantGroup section */

/* Begin XCBuildConfiguration section */
		9516BA0224BF36C900101874 /* Debug */ = {
			isa = XCBuildConfiguration;
			buildSettings = {
				ALWAYS_SEARCH_USER_PATHS = NO;
				CLANG_ANALYZER_NONNULL = YES;
				CLANG_ANALYZER_NUMBER_OBJECT_CONVERSION = YES_AGGRESSIVE;
				CLANG_CXX_LANGUAGE_STANDARD = "gnu++14";
				CLANG_CXX_LIBRARY = "libc++";
				CLANG_ENABLE_MODULES = YES;
				CLANG_ENABLE_OBJC_ARC = YES;
				CLANG_ENABLE_OBJC_WEAK = YES;
				CLANG_WARN_BLOCK_CAPTURE_AUTORELEASING = YES;
				CLANG_WARN_BOOL_CONVERSION = YES;
				CLANG_WARN_COMMA = YES;
				CLANG_WARN_CONSTANT_CONVERSION = YES;
				CLANG_WARN_DEPRECATED_OBJC_IMPLEMENTATIONS = YES;
				CLANG_WARN_DIRECT_OBJC_ISA_USAGE = YES_ERROR;
				CLANG_WARN_DOCUMENTATION_COMMENTS = YES;
				CLANG_WARN_EMPTY_BODY = YES;
				CLANG_WARN_ENUM_CONVERSION = YES;
				CLANG_WARN_INFINITE_RECURSION = YES;
				CLANG_WARN_INT_CONVERSION = YES;
				CLANG_WARN_NON_LITERAL_NULL_CONVERSION = YES;
				CLANG_WARN_OBJC_IMPLICIT_RETAIN_SELF = YES;
				CLANG_WARN_OBJC_LITERAL_CONVERSION = YES;
				CLANG_WARN_OBJC_ROOT_CLASS = YES_ERROR;
				CLANG_WARN_RANGE_LOOP_ANALYSIS = YES;
				CLANG_WARN_STRICT_PROTOTYPES = YES;
				CLANG_WARN_SUSPICIOUS_MOVE = YES;
				CLANG_WARN_UNGUARDED_AVAILABILITY = YES_AGGRESSIVE;
				CLANG_WARN_UNREACHABLE_CODE = YES;
				CLANG_WARN__DUPLICATE_METHOD_MATCH = YES;
				COPY_PHASE_STRIP = NO;
				DEBUG_INFORMATION_FORMAT = dwarf;
				ENABLE_STRICT_OBJC_MSGSEND = YES;
				ENABLE_TESTABILITY = YES;
				GCC_C_LANGUAGE_STANDARD = gnu11;
				GCC_DYNAMIC_NO_PIC = NO;
				GCC_NO_COMMON_BLOCKS = YES;
				GCC_OPTIMIZATION_LEVEL = 0;
				GCC_PREPROCESSOR_DEFINITIONS = (
					"DEBUG=1",
					"$(inherited)",
				);
				GCC_WARN_64_TO_32_BIT_CONVERSION = YES;
				GCC_WARN_ABOUT_RETURN_TYPE = YES_ERROR;
				GCC_WARN_UNDECLARED_SELECTOR = YES;
				GCC_WARN_UNINITIALIZED_AUTOS = YES_AGGRESSIVE;
				GCC_WARN_UNUSED_FUNCTION = YES;
				GCC_WARN_UNUSED_VARIABLE = YES;
				IPHONEOS_DEPLOYMENT_TARGET = 13.5;
				MTL_ENABLE_DEBUG_INFO = INCLUDE_SOURCE;
				MTL_FAST_MATH = YES;
				ONLY_ACTIVE_ARCH = YES;
				SDKROOT = iphoneos;
				SWIFT_ACTIVE_COMPILATION_CONDITIONS = DEBUG;
				SWIFT_OPTIMIZATION_LEVEL = "-Onone";
			};
			name = Debug;
		};
		9516BA0324BF36C900101874 /* Release */ = {
			isa = XCBuildConfiguration;
			buildSettings = {
				ALWAYS_SEARCH_USER_PATHS = NO;
				CLANG_ANALYZER_NONNULL = YES;
				CLANG_ANALYZER_NUMBER_OBJECT_CONVERSION = YES_AGGRESSIVE;
				CLANG_CXX_LANGUAGE_STANDARD = "gnu++14";
				CLANG_CXX_LIBRARY = "libc++";
				CLANG_ENABLE_MODULES = YES;
				CLANG_ENABLE_OBJC_ARC = YES;
				CLANG_ENABLE_OBJC_WEAK = YES;
				CLANG_WARN_BLOCK_CAPTURE_AUTORELEASING = YES;
				CLANG_WARN_BOOL_CONVERSION = YES;
				CLANG_WARN_COMMA = YES;
				CLANG_WARN_CONSTANT_CONVERSION = YES;
				CLANG_WARN_DEPRECATED_OBJC_IMPLEMENTATIONS = YES;
				CLANG_WARN_DIRECT_OBJC_ISA_USAGE = YES_ERROR;
				CLANG_WARN_DOCUMENTATION_COMMENTS = YES;
				CLANG_WARN_EMPTY_BODY = YES;
				CLANG_WARN_ENUM_CONVERSION = YES;
				CLANG_WARN_INFINITE_RECURSION = YES;
				CLANG_WARN_INT_CONVERSION = YES;
				CLANG_WARN_NON_LITERAL_NULL_CONVERSION = YES;
				CLANG_WARN_OBJC_IMPLICIT_RETAIN_SELF = YES;
				CLANG_WARN_OBJC_LITERAL_CONVERSION = YES;
				CLANG_WARN_OBJC_ROOT_CLASS = YES_ERROR;
				CLANG_WARN_RANGE_LOOP_ANALYSIS = YES;
				CLANG_WARN_STRICT_PROTOTYPES = YES;
				CLANG_WARN_SUSPICIOUS_MOVE = YES;
				CLANG_WARN_UNGUARDED_AVAILABILITY = YES_AGGRESSIVE;
				CLANG_WARN_UNREACHABLE_CODE = YES;
				CLANG_WARN__DUPLICATE_METHOD_MATCH = YES;
				COPY_PHASE_STRIP = NO;
				DEBUG_INFORMATION_FORMAT = "dwarf-with-dsym";
				ENABLE_NS_ASSERTIONS = NO;
				ENABLE_STRICT_OBJC_MSGSEND = YES;
				GCC_C_LANGUAGE_STANDARD = gnu11;
				GCC_NO_COMMON_BLOCKS = YES;
				GCC_WARN_64_TO_32_BIT_CONVERSION = YES;
				GCC_WARN_ABOUT_RETURN_TYPE = YES_ERROR;
				GCC_WARN_UNDECLARED_SELECTOR = YES;
				GCC_WARN_UNINITIALIZED_AUTOS = YES_AGGRESSIVE;
				GCC_WARN_UNUSED_FUNCTION = YES;
				GCC_WARN_UNUSED_VARIABLE = YES;
				IPHONEOS_DEPLOYMENT_TARGET = 13.5;
				MTL_ENABLE_DEBUG_INFO = NO;
				MTL_FAST_MATH = YES;
				SDKROOT = iphoneos;
				SWIFT_COMPILATION_MODE = wholemodule;
				SWIFT_OPTIMIZATION_LEVEL = "-O";
				VALIDATE_PRODUCT = YES;
			};
			name = Release;
		};
		9516BA0524BF36C900101874 /* Debug */ = {
			isa = XCBuildConfiguration;
			buildSettings = {
				ASSETCATALOG_COMPILER_APPICON_NAME = AppIcon;
				CODE_SIGN_STYLE = Automatic;
				INFOPLIST_FILE = tableViewHW/Info.plist;
				LD_RUNPATH_SEARCH_PATHS = (
					"$(inherited)",
					"@executable_path/Frameworks",
				);
				PRODUCT_BUNDLE_IDENTIFIER = com.com.com.tableViewHW;
				PRODUCT_NAME = "$(TARGET_NAME)";
				SWIFT_VERSION = 5.0;
				TARGETED_DEVICE_FAMILY = "1,2";
			};
			name = Debug;
		};
		9516BA0624BF36C900101874 /* Release */ = {
			isa = XCBuildConfiguration;
			buildSettings = {
				ASSETCATALOG_COMPILER_APPICON_NAME = AppIcon;
				CODE_SIGN_STYLE = Automatic;
				INFOPLIST_FILE = tableViewHW/Info.plist;
				LD_RUNPATH_SEARCH_PATHS = (
					"$(inherited)",
					"@executable_path/Frameworks",
				);
				PRODUCT_BUNDLE_IDENTIFIER = com.com.com.tableViewHW;
				PRODUCT_NAME = "$(TARGET_NAME)";
				SWIFT_VERSION = 5.0;
				TARGETED_DEVICE_FAMILY = "1,2";
			};
			name = Release;
		};
/* End XCBuildConfiguration section */

/* Begin XCConfigurationList section */
		9516B9EB24BF36C800101874 /* Build configuration list for PBXProject "tableViewHW" */ = {
			isa = XCConfigurationList;
			buildConfigurations = (
				9516BA0224BF36C900101874 /* Debug */,
				9516BA0324BF36C900101874 /* Release */,
			);
			defaultConfigurationIsVisible = 0;
			defaultConfigurationName = Release;
		};
		9516BA0424BF36C900101874 /* Build configuration list for PBXNativeTarget "tableViewHW" */ = {
			isa = XCConfigurationList;
			buildConfigurations = (
				9516BA0524BF36C900101874 /* Debug */,
				9516BA0624BF36C900101874 /* Release */,
			);
			defaultConfigurationIsVisible = 0;
			defaultConfigurationName = Release;
		};
/* End XCConfigurationList section */
	};
	rootObject = 9516B9E824BF36C800101874 /* Project object */;
}
